
Microsoft Visual Studio Solution File, Format Version 12.00
# Visual Studio 14
VisualStudioVersion = 14.0.25420.1
MinimumVisualStudioVersion = 10.0.40219.1
Project("{FAE04EC0-301F-11D3-BF4B-00C04F79EFBC}") = "FortsRobotLib", "FortsRobotLib\FortsRobotLib.csproj", "{8EAC99EA-6F96-4629-B383-2A35F85016D4}"
EndProject
Project("{FAE04EC0-301F-11D3-BF4B-00C04F79EFBC}") = "Module.Tests", "Module.Tests\Module.Tests.csproj", "{E1D47BCA-CDAC-42A7-AC3E-7D9CFFB5886A}"
EndProject
Project("{FAE04EC0-301F-11D3-BF4B-00C04F79EFBC}") = "BasicAlgorithms", "BasicAlgorithms\BasicAlgorithms.csproj", "{132ED7C0-610E-4A24-B75C-5672EF2406DE}"
EndProject
Project("{FAE04EC0-301F-11D3-BF4B-00C04F79EFBC}") = "Calculator", "Calculator\Calculator.csproj", "{B83CB751-480E-42A8-B579-C36DAC10FB54}"
EndProject
Global
	GlobalSection(Performance) = preSolution
		HasPerformanceSessions = true
	EndGlobalSection
	GlobalSection(SolutionConfigurationPlatforms) = preSolution
		Debug|Any CPU = Debug|Any CPU
		Release|Any CPU = Release|Any CPU
	EndGlobalSection
	GlobalSection(ProjectConfigurationPlatforms) = postSolution
		{8EAC99EA-6F96-4629-B383-2A35F85016D4}.Debug|Any CPU.ActiveCfg = Debug|Any CPU
		{8EAC99EA-6F96-4629-B383-2A35F85016D4}.Debug|Any CPU.Build.0 = Debug|Any CPU
		{8EAC99EA-6F96-4629-B383-2A35F85016D4}.Release|Any CPU.ActiveCfg = Release|Any CPU
		{8EAC99EA-6F96-4629-B383-2A35F85016D4}.Release|Any CPU.Build.0 = Release|Any CPU
		{E1D47BCA-CDAC-42A7-AC3E-7D9CFFB5886A}.Debug|Any CPU.ActiveCfg = Debug|Any CPU
		{E1D47BCA-CDAC-42A7-AC3E-7D9CFFB5886A}.Debug|Any CPU.Build.0 = Debug|Any CPU
		{E1D47BCA-CDAC-42A7-AC3E-7D9CFFB5886A}.Release|Any CPU.ActiveCfg = Release|Any CPU
		{E1D47BCA-CDAC-42A7-AC3E-7D9CFFB5886A}.Release|Any CPU.Build.0 = Release|Any CPU
		{132ED7C0-610E-4A24-B75C-5672EF2406DE}.Debug|Any CPU.ActiveCfg = Debug|Any CPU
		{132ED7C0-610E-4A24-B75C-5672EF2406DE}.Debug|Any CPU.Build.0 = Debug|Any CPU
		{132ED7C0-610E-4A24-B75C-5672EF2406DE}.Release|Any CPU.ActiveCfg = Release|Any CPU
		{132ED7C0-610E-4A24-B75C-5672EF2406DE}.Release|Any CPU.Build.0 = Release|Any CPU
		{B83CB751-480E-42A8-B579-C36DAC10FB54}.Debug|Any CPU.ActiveCfg = Debug|Any CPU
		{B83CB751-480E-42A8-B579-C36DAC10FB54}.Debug|Any CPU.Build.0 = Debug|Any CPU
		{B83CB751-480E-42A8-B579-C36DAC10FB54}.Release|Any CPU.ActiveCfg = Release|Any CPU
		{B83CB751-480E-42A8-B579-C36DAC10FB54}.Release|Any CPU.Build.0 = Release|Any CPU
	EndGlobalSection
	GlobalSection(SolutionProperties) = preSolution
		HideSolutionNode = FALSE
	EndGlobalSection
EndGlobal
